
Microsoft Visual Studio Solution File, Format Version 12.00
# Visual Studio Version 17
VisualStudioVersion = 17.11.35312.102
MinimumVisualStudioVersion = 10.0.40219.1
Project("{FAE04EC0-301F-11D3-BF4B-00C04F79EFBC}") = "01_MainSubjects", "01_MainSubjects\01_MainSubjects.csproj", "{B12AB149-D2A7-416C-9B59-BACDBA7EB581}"
EndProject
Project("{FAE04EC0-301F-11D3-BF4B-00C04F79EFBC}") = "02-Variables", "02-Variables\02-Variables.csproj", "{0527A0E3-56A5-4EFD-AA5A-66F197F8F01D}"
EndProject
Project("{FAE04EC0-301F-11D3-BF4B-00C04F79EFBC}") = "03_MakingDecision", "03_MakingDecision\03_MakingDecision.csproj", "{3C0DDCB6-DD11-4649-9B63-9FE3188FF265}"
EndProject
Project("{FAE04EC0-301F-11D3-BF4B-00C04F79EFBC}") = "04_Loops", "04_Loops\04_Loops.csproj", "{1A08E517-FBF5-40C1-A090-381705D217BF}"
EndProject
Project("{FAE04EC0-301F-11D3-BF4B-00C04F79EFBC}") = "05_LoopsWithStars", "05_LoopsWithStars\05_LoopsWithStars.csproj", "{18712E2D-1A54-4E52-952E-9746B1245DB3}"
EndProject
Project("{FAE04EC0-301F-11D3-BF4B-00C04F79EFBC}") = "06_Arrays", "06_Arrays\06_Arrays.csproj", "{A759341F-1C0B-407E-901D-6BA2F963B003}"
EndProject
Project("{FAE04EC0-301F-11D3-BF4B-00C04F79EFBC}") = "07_ForeachLoop", "07_ForeachLoop\07_ForeachLoop.csproj", "{56995EF6-0BC1-4C5C-8717-5221F21420AC}"
EndProject
Global
	GlobalSection(SolutionConfigurationPlatforms) = preSolution
		Debug|Any CPU = Debug|Any CPU
		Release|Any CPU = Release|Any CPU
	EndGlobalSection
	GlobalSection(ProjectConfigurationPlatforms) = postSolution
		{B12AB149-D2A7-416C-9B59-BACDBA7EB581}.Debug|Any CPU.ActiveCfg = Debug|Any CPU
		{B12AB149-D2A7-416C-9B59-BACDBA7EB581}.Debug|Any CPU.Build.0 = Debug|Any CPU
		{B12AB149-D2A7-416C-9B59-BACDBA7EB581}.Release|Any CPU.ActiveCfg = Release|Any CPU
		{B12AB149-D2A7-416C-9B59-BACDBA7EB581}.Release|Any CPU.Build.0 = Release|Any CPU
		{0527A0E3-56A5-4EFD-AA5A-66F197F8F01D}.Debug|Any CPU.ActiveCfg = Debug|Any CPU
		{0527A0E3-56A5-4EFD-AA5A-66F197F8F01D}.Debug|Any CPU.Build.0 = Debug|Any CPU
		{0527A0E3-56A5-4EFD-AA5A-66F197F8F01D}.Release|Any CPU.ActiveCfg = Release|Any CPU
		{0527A0E3-56A5-4EFD-AA5A-66F197F8F01D}.Release|Any CPU.Build.0 = Release|Any CPU
		{3C0DDCB6-DD11-4649-9B63-9FE3188FF265}.Debug|Any CPU.ActiveCfg = Debug|Any CPU
		{3C0DDCB6-DD11-4649-9B63-9FE3188FF265}.Debug|Any CPU.Build.0 = Debug|Any CPU
		{3C0DDCB6-DD11-4649-9B63-9FE3188FF265}.Release|Any CPU.ActiveCfg = Release|Any CPU
		{3C0DDCB6-DD11-4649-9B63-9FE3188FF265}.Release|Any CPU.Build.0 = Release|Any CPU
		{1A08E517-FBF5-40C1-A090-381705D217BF}.Debug|Any CPU.ActiveCfg = Debug|Any CPU
		{1A08E517-FBF5-40C1-A090-381705D217BF}.Debug|Any CPU.Build.0 = Debug|Any CPU
		{1A08E517-FBF5-40C1-A090-381705D217BF}.Release|Any CPU.ActiveCfg = Release|Any CPU
		{1A08E517-FBF5-40C1-A090-381705D217BF}.Release|Any CPU.Build.0 = Release|Any CPU
		{18712E2D-1A54-4E52-952E-9746B1245DB3}.Debug|Any CPU.ActiveCfg = Debug|Any CPU
		{18712E2D-1A54-4E52-952E-9746B1245DB3}.Debug|Any CPU.Build.0 = Debug|Any CPU
		{18712E2D-1A54-4E52-952E-9746B1245DB3}.Release|Any CPU.ActiveCfg = Release|Any CPU
		{18712E2D-1A54-4E52-952E-9746B1245DB3}.Release|Any CPU.Build.0 = Release|Any CPU
		{A759341F-1C0B-407E-901D-6BA2F963B003}.Debug|Any CPU.ActiveCfg = Debug|Any CPU
		{A759341F-1C0B-407E-901D-6BA2F963B003}.Debug|Any CPU.Build.0 = Debug|Any CPU
		{A759341F-1C0B-407E-901D-6BA2F963B003}.Release|Any CPU.ActiveCfg = Release|Any CPU
		{A759341F-1C0B-407E-901D-6BA2F963B003}.Release|Any CPU.Build.0 = Release|Any CPU
		{56995EF6-0BC1-4C5C-8717-5221F21420AC}.Debug|Any CPU.ActiveCfg = Debug|Any CPU
		{56995EF6-0BC1-4C5C-8717-5221F21420AC}.Debug|Any CPU.Build.0 = Debug|Any CPU
		{56995EF6-0BC1-4C5C-8717-5221F21420AC}.Release|Any CPU.ActiveCfg = Release|Any CPU
		{56995EF6-0BC1-4C5C-8717-5221F21420AC}.Release|Any CPU.Build.0 = Release|Any CPU
	EndGlobalSection
	GlobalSection(SolutionProperties) = preSolution
		HideSolutionNode = FALSE
	EndGlobalSection
	GlobalSection(ExtensibilityGlobals) = postSolution
		SolutionGuid = {CDA3F5CE-1BDA-49C3-B9C1-F390452AA39F}
	EndGlobalSection
EndGlobal
